// !$*UTF8*$!
{
	archiveVersion = 1;
	classes = {
	};
	objectVersion = 46;
	objects = {

/* Begin PBXBuildFile section */
		65093F33188191BE00734D65 /* Foundation.framework in Frameworks */ = {isa = PBXBuildFile; fileRef = 65093F32188191BE00734D65 /* Foundation.framework */; };
		65093F35188191BE00734D65 /* CoreGraphics.framework in Frameworks */ = {isa = PBXBuildFile; fileRef = 65093F34188191BE00734D65 /* CoreGraphics.framework */; };
		65093F37188191BE00734D65 /* UIKit.framework in Frameworks */ = {isa = PBXBuildFile; fileRef = 65093F36188191BE00734D65 /* UIKit.framework */; };
		65093F3D188191BE00734D65 /* InfoPlist.strings in Resources */ = {isa = PBXBuildFile; fileRef = 65093F3B188191BE00734D65 /* InfoPlist.strings */; };
		65093F3F188191BE00734D65 /* main.m in Sources */ = {isa = PBXBuildFile; fileRef = 65093F3E188191BE00734D65 /* main.m */; };
		65093F43188191BE00734D65 /* DZAppDelegate.m in Sources */ = {isa = PBXBuildFile; fileRef = 65093F42188191BE00734D65 /* DZAppDelegate.m */; };
		65093F45188191BE00734D65 /* Images.xcassets in Resources */ = {isa = PBXBuildFile; fileRef = 65093F44188191BE00734D65 /* Images.xcassets */; };
		65093F4C188191BE00734D65 /* XCTest.framework in Frameworks */ = {isa = PBXBuildFile; fileRef = 65093F4B188191BE00734D65 /* XCTest.framework */; };
		65093F4D188191BE00734D65 /* Foundation.framework in Frameworks */ = {isa = PBXBuildFile; fileRef = 65093F32188191BE00734D65 /* Foundation.framework */; };
		65093F4E188191BE00734D65 /* UIKit.framework in Frameworks */ = {isa = PBXBuildFile; fileRef = 65093F36188191BE00734D65 /* UIKit.framework */; };
		65093F56188191BE00734D65 /* InfoPlist.strings in Resources */ = {isa = PBXBuildFile; fileRef = 65093F54188191BE00734D65 /* InfoPlist.strings */; };
		65093F58188191BE00734D65 /* NotificationCenterTests.m in Sources */ = {isa = PBXBuildFile; fileRef = 65093F57188191BE00734D65 /* NotificationCenterTests.m */; };
		65093F63188191CE00734D65 /* DZSingletonFactory.m in Sources */ = {isa = PBXBuildFile; fileRef = 65093F62188191CE00734D65 /* DZSingletonFactory.m */; };
		65093F66188191E000734D65 /* DZNotificationCenter.mm in Sources */ = {isa = PBXBuildFile; fileRef = 65093F65188191E000734D65 /* DZNotificationCenter.mm */; };
		65093F69188193DD00734D65 /* DZSendSelector.m in Sources */ = {isa = PBXBuildFile; fileRef = 65093F68188193DD00734D65 /* DZSendSelector.m */; };
		65093F731882F64000734D65 /* DZViewController.m in Sources */ = {isa = PBXBuildFile; fileRef = 65093F711882F64000734D65 /* DZViewController.m */; };
		65093F741882F64000734D65 /* DZViewController.xib in Resources */ = {isa = PBXBuildFile; fileRef = 65093F721882F64000734D65 /* DZViewController.xib */; };
/* End PBXBuildFile section */

/* Begin PBXContainerItemProxy section */
		65093F4F188191BE00734D65 /* PBXContainerItemProxy */ = {
			isa = PBXContainerItemProxy;
			containerPortal = 65093F27188191BE00734D65 /* Project object */;
			proxyType = 1;
			remoteGlobalIDString = 65093F2E188191BE00734D65;
			remoteInfo = NotificationCenter;
		};
/* End PBXContainerItemProxy section */

/* Begin PBXFileReference section */
		65093F2F188191BE00734D65 /* NotificationCenter.app */ = {isa = PBXFileReference; explicitFileType = wrapper.application; includeInIndex = 0; path = NotificationCenter.app; sourceTree = BUILT_PRODUCTS_DIR; };
		65093F32188191BE00734D65 /* Foundation.framework */ = {isa = PBXFileReference; lastKnownFileType = wrapper.framework; name = Foundation.framework; path = System/Library/Frameworks/Foundation.framework; sourceTree = SDKROOT; };
		65093F34188191BE00734D65 /* CoreGraphics.framework */ = {isa = PBXFileReference; lastKnownFileType = wrapper.framework; name = CoreGraphics.framework; path = System/Library/Frameworks/CoreGraphics.framework; sourceTree = SDKROOT; };
		65093F36188191BE00734D65 /* UIKit.framework */ = {isa = PBXFileReference; lastKnownFileType = wrapper.framework; name = UIKit.framework; path = System/Library/Frameworks/UIKit.framework; sourceTree = SDKROOT; };
		65093F3A188191BE00734D65 /* NotificationCenter-Info.plist */ = {isa = PBXFileReference; lastKnownFileType = text.plist.xml; path = "NotificationCenter-Info.plist"; sourceTree = "<group>"; };
		65093F3C188191BE00734D65 /* en */ = {isa = PBXFileReference; lastKnownFileType = text.plist.strings; name = en; path = en.lproj/InfoPlist.strings; sourceTree = "<group>"; };
		65093F3E188191BE00734D65 /* main.m */ = {isa = PBXFileReference; lastKnownFileType = sourcecode.c.objc; path = main.m; sourceTree = "<group>"; };
		65093F40188191BE00734D65 /* NotificationCenter-Prefix.pch */ = {isa = PBXFileReference; lastKnownFileType = sourcecode.c.h; path = "NotificationCenter-Prefix.pch"; sourceTree = "<group>"; };
		65093F41188191BE00734D65 /* DZAppDelegate.h */ = {isa = PBXFileReference; lastKnownFileType = sourcecode.c.h; path = DZAppDelegate.h; sourceTree = "<group>"; };
		65093F42188191BE00734D65 /* DZAppDelegate.m */ = {isa = PBXFileReference; lastKnownFileType = sourcecode.c.objc; path = DZAppDelegate.m; sourceTree = "<group>"; };
		65093F44188191BE00734D65 /* Images.xcassets */ = {isa = PBXFileReference; lastKnownFileType = folder.assetcatalog; path = Images.xcassets; sourceTree = "<group>"; };
		65093F4A188191BE00734D65 /* NotificationCenterTests.xctest */ = {isa = PBXFileReference; explicitFileType = wrapper.cfbundle; includeInIndex = 0; path = NotificationCenterTests.xctest; sourceTree = BUILT_PRODUCTS_DIR; };
		65093F4B188191BE00734D65 /* XCTest.framework */ = {isa = PBXFileReference; lastKnownFileType = wrapper.framework; name = XCTest.framework; path = Library/Frameworks/XCTest.framework; sourceTree = DEVELOPER_DIR; };
		65093F53188191BE00734D65 /* NotificationCenterTests-Info.plist */ = {isa = PBXFileReference; lastKnownFileType = text.plist.xml; path = "NotificationCenterTests-Info.plist"; sourceTree = "<group>"; };
		65093F55188191BE00734D65 /* en */ = {isa = PBXFileReference; lastKnownFileType = text.plist.strings; name = en; path = en.lproj/InfoPlist.strings; sourceTree = "<group>"; };
		65093F57188191BE00734D65 /* NotificationCenterTests.m */ = {isa = PBXFileReference; lastKnownFileType = sourcecode.c.objc; path = NotificationCenterTests.m; sourceTree = "<group>"; };
		65093F61188191CE00734D65 /* DZSingletonFactory.h */ = {isa = PBXFileReference; fileEncoding = 4; lastKnownFileType = sourcecode.c.h; path = DZSingletonFactory.h; sourceTree = "<group>"; };
		65093F62188191CE00734D65 /* DZSingletonFactory.m */ = {isa = PBXFileReference; fileEncoding = 4; lastKnownFileType = sourcecode.c.objc; path = DZSingletonFactory.m; sourceTree = "<group>"; };
		65093F64188191E000734D65 /* DZNotificationCenter.h */ = {isa = PBXFileReference; fileEncoding = 4; lastKnownFileType = sourcecode.c.h; path = DZNotificationCenter.h; sourceTree = "<group>"; };
		65093F65188191E000734D65 /* DZNotificationCenter.mm */ = {isa = PBXFileReference; fileEncoding = 4; lastKnownFileType = sourcecode.cpp.objcpp; path = DZNotificationCenter.mm; sourceTree = "<group>"; };
		65093F67188193DD00734D65 /* DZSendSelector.h */ = {isa = PBXFileReference; fileEncoding = 4; lastKnownFileType = sourcecode.c.h; path = DZSendSelector.h; sourceTree = "<group>"; };
		65093F68188193DD00734D65 /* DZSendSelector.m */ = {isa = PBXFileReference; fileEncoding = 4; lastKnownFileType = sourcecode.c.objc; path = DZSendSelector.m; sourceTree = "<group>"; };
		65093F701882F64000734D65 /* DZViewController.h */ = {isa = PBXFileReference; fileEncoding = 4; lastKnownFileType = sourcecode.c.h; path = DZViewController.h; sourceTree = "<group>"; };
		65093F711882F64000734D65 /* DZViewController.m */ = {isa = PBXFileReference; fileEncoding = 4; lastKnownFileType = sourcecode.c.objc; path = DZViewController.m; sourceTree = "<group>"; };
		65093F721882F64000734D65 /* DZViewController.xib */ = {isa = PBXFileReference; fileEncoding = 4; lastKnownFileType = file.xib; path = DZViewController.xib; sourceTree = "<group>"; };
/* End PBXFileReference section */

/* Begin PBXFrameworksBuildPhase section */
		65093F2C188191BE00734D65 /* Frameworks */ = {
			isa = PBXFrameworksBuildPhase;
			buildActionMask = 2147483647;
			files = (
				65093F35188191BE00734D65 /* CoreGraphics.framework in Frameworks */,
				65093F37188191BE00734D65 /* UIKit.framework in Frameworks */,
				65093F33188191BE00734D65 /* Foundation.framework in Frameworks */,
			);
			runOnlyForDeploymentPostprocessing = 0;
		};
		65093F47188191BE00734D65 /* Frameworks */ = {
			isa = PBXFrameworksBuildPhase;
			buildActionMask = 2147483647;
			files = (
				65093F4C188191BE00734D65 /* XCTest.framework in Frameworks */,
				65093F4E188191BE00734D65 /* UIKit.framework in Frameworks */,
				65093F4D188191BE00734D65 /* Foundation.framework in Frameworks */,
			);
			runOnlyForDeploymentPostprocessing = 0;
		};
/* End PBXFrameworksBuildPhase section */

/* Begin PBXGroup section */
		65093F26188191BE00734D65 = {
			isa = PBXGroup;
			children = (
				65093F38188191BE00734D65 /* NotificationCenter */,
				65093F51188191BE00734D65 /* NotificationCenterTests */,
				65093F31188191BE00734D65 /* Frameworks */,
				65093F30188191BE00734D65 /* Products */,
			);
			sourceTree = "<group>";
		};
		65093F30188191BE00734D65 /* Products */ = {
			isa = PBXGroup;
			children = (
				65093F2F188191BE00734D65 /* NotificationCenter.app */,
				65093F4A188191BE00734D65 /* NotificationCenterTests.xctest */,
			);
			name = Products;
			sourceTree = "<group>";
		};
		65093F31188191BE00734D65 /* Frameworks */ = {
			isa = PBXGroup;
			children = (
				65093F32188191BE00734D65 /* Foundation.framework */,
				65093F34188191BE00734D65 /* CoreGraphics.framework */,
				65093F36188191BE00734D65 /* UIKit.framework */,
				65093F4B188191BE00734D65 /* XCTest.framework */,
			);
			name = Frameworks;
			sourceTree = "<group>";
		};
		65093F38188191BE00734D65 /* NotificationCenter */ = {
			isa = PBXGroup;
			children = (
				65093F67188193DD00734D65 /* DZSendSelector.h */,
				65093F68188193DD00734D65 /* DZSendSelector.m */,
				65093F61188191CE00734D65 /* DZSingletonFactory.h */,
				65093F62188191CE00734D65 /* DZSingletonFactory.m */,
				65093F64188191E000734D65 /* DZNotificationCenter.h */,
				65093F65188191E000734D65 /* DZNotificationCenter.mm */,
				65093F41188191BE00734D65 /* DZAppDelegate.h */,
				65093F42188191BE00734D65 /* DZAppDelegate.m */,
				65093F701882F64000734D65 /* DZViewController.h */,
				65093F711882F64000734D65 /* DZViewController.m */,
				65093F721882F64000734D65 /* DZViewController.xib */,
				65093F44188191BE00734D65 /* Images.xcassets */,
				65093F39188191BE00734D65 /* Supporting Files */,
			);
			path = NotificationCenter;
			sourceTree = "<group>";
		};
		65093F39188191BE00734D65 /* Supporting Files */ = {
			isa = PBXGroup;
			children = (
				65093F3A188191BE00734D65 /* NotificationCenter-Info.plist */,
				65093F3B188191BE00734D65 /* InfoPlist.strings */,
				65093F3E188191BE00734D65 /* main.m */,
				65093F40188191BE00734D65 /* NotificationCenter-Prefix.pch */,
			);
			name = "Supporting Files";
			sourceTree = "<group>";
		};
		65093F51188191BE00734D65 /* NotificationCenterTests */ = {
			isa = PBXGroup;
			children = (
				65093F57188191BE00734D65 /* NotificationCenterTests.m */,
				65093F52188191BE00734D65 /* Supporting Files */,
			);
			path = NotificationCenterTests;
			sourceTree = "<group>";
		};
		65093F52188191BE00734D65 /* Supporting Files */ = {
			isa = PBXGroup;
			children = (
				65093F53188191BE00734D65 /* NotificationCenterTests-Info.plist */,
				65093F54188191BE00734D65 /* InfoPlist.strings */,
			);
			name = "Supporting Files";
			sourceTree = "<group>";
		};
/* End PBXGroup section */

/* Begin PBXNativeTarget section */
		65093F2E188191BE00734D65 /* NotificationCenter */ = {
			isa = PBXNativeTarget;
			buildConfigurationList = 65093F5B188191BE00734D65 /* Build configuration list for PBXNativeTarget "NotificationCenter" */;
			buildPhases = (
				65093F2B188191BE00734D65 /* Sources */,
				65093F2C188191BE00734D65 /* Frameworks */,
				65093F2D188191BE00734D65 /* Resources */,
			);
			buildRules = (
			);
			dependencies = (
			);
			name = NotificationCenter;
			productName = NotificationCenter;
			productReference = 65093F2F188191BE00734D65 /* NotificationCenter.app */;
			productType = "com.apple.product-type.application";
		};
		65093F49188191BE00734D65 /* NotificationCenterTests */ = {
			isa = PBXNativeTarget;
			buildConfigurationList = 65093F5E188191BE00734D65 /* Build configuration list for PBXNativeTarget "NotificationCenterTests" */;
			buildPhases = (
				65093F46188191BE00734D65 /* Sources */,
				65093F47188191BE00734D65 /* Frameworks */,
				65093F48188191BE00734D65 /* Resources */,
			);
			buildRules = (
			);
			dependencies = (
				65093F50188191BE00734D65 /* PBXTargetDependency */,
			);
			name = NotificationCenterTests;
			productName = NotificationCenterTests;
			productReference = 65093F4A188191BE00734D65 /* NotificationCenterTests.xctest */;
			productType = "com.apple.product-type.bundle.unit-test";
		};
/* End PBXNativeTarget section */

/* Begin PBXProject section */
		65093F27188191BE00734D65 /* Project object */ = {
			isa = PBXProject;
			attributes = {
				CLASSPREFIX = DZ;
				LastUpgradeCheck = 0500;
				ORGANIZATIONNAME = "Stone Dong";
				TargetAttributes = {
					65093F49188191BE00734D65 = {
						TestTargetID = 65093F2E188191BE00734D65;
					};
				};
			};
			buildConfigurationList = 65093F2A188191BE00734D65 /* Build configuration list for PBXProject "NotificationCenter" */;
			compatibilityVersion = "Xcode 3.2";
			developmentRegion = English;
			hasScannedForEncodings = 0;
			knownRegions = (
				en,
			);
			mainGroup = 65093F26188191BE00734D65;
			productRefGroup = 65093F30188191BE00734D65 /* Products */;
			projectDirPath = "";
			projectRoot = "";
			targets = (
				65093F2E188191BE00734D65 /* NotificationCenter */,
				65093F49188191BE00734D65 /* NotificationCenterTests */,
			);
		};
/* End PBXProject section */

/* Begin PBXResourcesBuildPhase section */
		65093F2D188191BE00734D65 /* Resources */ = {
			isa = PBXResourcesBuildPhase;
			buildActionMask = 2147483647;
			files = (
				65093F3D188191BE00734D65 /* InfoPlist.strings in Resources */,
				65093F45188191BE00734D65 /* Images.xcassets in Resources */,
				65093F741882F64000734D65 /* DZViewController.xib in Resources */,
			);
			runOnlyForDeploymentPostprocessing = 0;
		};
		65093F48188191BE00734D65 /* Resources */ = {
			isa = PBXResourcesBuildPhase;
			buildActionMask = 2147483647;
			files = (
				65093F56188191BE00734D65 /* InfoPlist.strings in Resources */,
			);
			runOnlyForDeploymentPostprocessing = 0;
		};
/* End PBXResourcesBuildPhase section */

/* Begin PBXSourcesBuildPhase section */
		65093F2B188191BE00734D65 /* Sources */ = {
			isa = PBXSourcesBuildPhase;
			buildActionMask = 2147483647;
			files = (
				65093F69188193DD00734D65 /* DZSendSelector.m in Sources */,
				65093F43188191BE00734D65 /* DZAppDelegate.m in Sources */,
				65093F66188191E000734D65 /* DZNotificationCenter.mm in Sources */,
				65093F3F188191BE00734D65 /* main.m in Sources */,
				65093F731882F64000734D65 /* DZViewController.m in Sources */,
				65093F63188191CE00734D65 /* DZSingletonFactory.m in Sources */,
			);
			runOnlyForDeploymentPostprocessing = 0;
		};
		65093F46188191BE00734D65 /* Sources */ = {
			isa = PBXSourcesBuildPhase;
			buildActionMask = 2147483647;
			files = (
				65093F58188191BE00734D65 /* NotificationCenterTests.m in Sources */,
			);
			runOnlyForDeploymentPostprocessing = 0;
		};
/* End PBXSourcesBuildPhase section */

/* Begin PBXTargetDependency section */
		65093F50188191BE00734D65 /* PBXTargetDependency */ = {
			isa = PBXTargetDependency;
			target = 65093F2E188191BE00734D65 /* NotificationCenter */;
			targetProxy = 65093F4F188191BE00734D65 /* PBXContainerItemProxy */;
		};
/* End PBXTargetDependency section */

/* Begin PBXVariantGroup section */
		65093F3B188191BE00734D65 /* InfoPlist.strings */ = {
			isa = PBXVariantGroup;
			children = (
				65093F3C188191BE00734D65 /* en */,
			);
			name = InfoPlist.strings;
			sourceTree = "<group>";
		};
		65093F54188191BE00734D65 /* InfoPlist.strings */ = {
			isa = PBXVariantGroup;
			children = (
				65093F55188191BE00734D65 /* en */,
			);
			name = InfoPlist.strings;
			sourceTree = "<group>";
		};
/* End PBXVariantGroup section */

/* Begin XCBuildConfiguration section */
		65093F59188191BE00734D65 /* Debug */ = {
			isa = XCBuildConfiguration;
			buildSettings = {
				ALWAYS_SEARCH_USER_PATHS = NO;
				ARCHS = "$(ARCHS_STANDARD_INCLUDING_64_BIT)";
				CLANG_CXX_LANGUAGE_STANDARD = "gnu++0x";
				CLANG_CXX_LIBRARY = "libc++";
				CLANG_ENABLE_MODULES = YES;
				CLANG_ENABLE_OBJC_ARC = YES;
				CLANG_WARN_BOOL_CONVERSION = YES;
				CLANG_WARN_CONSTANT_CONVERSION = YES;
				CLANG_WARN_DIRECT_OBJC_ISA_USAGE = YES_ERROR;
				CLANG_WARN_EMPTY_BODY = YES;
				CLANG_WARN_ENUM_CONVERSION = YES;
				CLANG_WARN_INT_CONVERSION = YES;
				CLANG_WARN_OBJC_ROOT_CLASS = YES_ERROR;
				CLANG_WARN__DUPLICATE_METHOD_MATCH = YES;
				"CODE_SIGN_IDENTITY[sdk=iphoneos*]" = "iPhone Developer";
				COPY_PHASE_STRIP = NO;
				GCC_C_LANGUAGE_STANDARD = gnu99;
				GCC_DYNAMIC_NO_PIC = NO;
				GCC_OPTIMIZATION_LEVEL = 0;
				GCC_PREPROCESSOR_DEFINITIONS = (
					"DEBUG=1",
					"$(inherited)",
				);
				GCC_SYMBOLS_PRIVATE_EXTERN = NO;
				GCC_WARN_64_TO_32_BIT_CONVERSION = YES;
				GCC_WARN_ABOUT_RETURN_TYPE = YES_ERROR;
				GCC_WARN_UNDECLARED_SELECTOR = YES;
				GCC_WARN_UNINITIALIZED_AUTOS = YES;
				GCC_WARN_UNUSED_FUNCTION = YES;
				GCC_WARN_UNUSED_VARIABLE = YES;
				IPHONEOS_DEPLOYMENT_TARGET = 7.0;
				ONLY_ACTIVE_ARCH = YES;
				SDKROOT = iphoneos;
				TARGETED_DEVICE_FAMILY = "1,2";
			};
			name = Debug;
		};
		65093F5A188191BE00734D65 /* Release */ = {
			isa = XCBuildConfiguration;
			buildSettings = {
				ALWAYS_SEARCH_USER_PATHS = NO;
				ARCHS = "$(ARCHS_STANDARD_INCLUDING_64_BIT)";
				CLANG_CXX_LANGUAGE_STANDARD = "gnu++0x";
				CLANG_CXX_LIBRARY = "libc++";
				CLANG_ENABLE_MODULES = YES;
				CLANG_ENABLE_OBJC_ARC = YES;
				CLANG_WARN_BOOL_CONVERSION = YES;
				CLANG_WARN_CONSTANT_CONVERSION = YES;
				CLANG_WARN_DIRECT_OBJC_ISA_USAGE = YES_ERROR;
				CLANG_WARN_EMPTY_BODY = YES;
				CLANG_WARN_ENUM_CONVERSION = YES;
				CLANG_WARN_INT_CONVERSION = YES;
				CLANG_WARN_OBJC_ROOT_CLASS = YES_ERROR;
				CLANG_WARN__DUPLICATE_METHOD_MATCH = YES;
				"CODE_SIGN_IDENTITY[sdk=iphoneos*]" = "iPhone Developer";
				COPY_PHASE_STRIP = YES;
				ENABLE_NS_ASSERTIONS = NO;
				GCC_C_LANGUAGE_STANDARD = gnu99;
				GCC_WARN_64_TO_32_BIT_CONVERSION = YES;
				GCC_WARN_ABOUT_RETURN_TYPE = YES_ERROR;
				GCC_WARN_UNDECLARED_SELECTOR = YES;
				GCC_WARN_UNINITIALIZED_AUTOS = YES;
				GCC_WARN_UNUSED_FUNCTION = YES;
				GCC_WARN_UNUSED_VARIABLE = YES;
				IPHONEOS_DEPLOYMENT_TARGET = 7.0;
				SDKROOT = iphoneos;
				TARGETED_DEVICE_FAMILY = "1,2";
				VALIDATE_PRODUCT = YES;
			};
			name = Release;
		};
		65093F5C188191BE00734D65 /* Debug */ = {
			isa = XCBuildConfiguration;
			buildSettings = {
				ASSETCATALOG_COMPILER_APPICON_NAME = AppIcon;
				ASSETCATALOG_COMPILER_LAUNCHIMAGE_NAME = LaunchImage;
				GCC_PRECOMPILE_PREFIX_HEADER = YES;
				GCC_PREFIX_HEADER = "NotificationCenter/NotificationCenter-Prefix.pch";
				INFOPLIST_FILE = "NotificationCenter/NotificationCenter-Info.plist";
				PRODUCT_NAME = "$(TARGET_NAME)";
				WRAPPER_EXTENSION = app;
			};
			name = Debug;
		};
		65093F5D188191BE00734D65 /* Release */ = {
			isa = XCBuildConfiguration;
			buildSettings = {
				ASSETCATALOG_COMPILER_APPICON_NAME = AppIcon;
				ASSETCATALOG_COMPILER_LAUNCHIMAGE_NAME = LaunchImage;
				GCC_PRECOMPILE_PREFIX_HEADER = YES;
				GCC_PREFIX_HEADER = "NotificationCenter/NotificationCenter-Prefix.pch";
				INFOPLIST_FILE = "NotificationCenter/NotificationCenter-Info.plist";
				PRODUCT_NAME = "$(TARGET_NAME)";
				WRAPPER_EXTENSION = app;
			};
			name = Release;
		};
		65093F5F188191BE00734D65 /* Debug */ = {
			isa = XCBuildConfiguration;
			buildSettings = {
				ARCHS = "$(ARCHS_STANDARD_INCLUDING_64_BIT)";
				BUNDLE_LOADER = "$(BUILT_PRODUCTS_DIR)/NotificationCenter.app/NotificationCenter";
				FRAMEWORK_SEARCH_PATHS = (
					"$(SDKROOT)/Developer/Library/Frameworks",
					"$(inherited)",
					"$(DEVELOPER_FRAMEWORKS_DIR)",
				);
				GCC_PRECOMPILE_PREFIX_HEADER = YES;
				GCC_PREFIX_HEADER = "NotificationCenter/NotificationCenter-Prefix.pch";
				GCC_PREPROCESSOR_DEFINITIONS = (
					"DEBUG=1",
					"$(inherited)",
				);
				INFOPLIST_FILE = "NotificationCenterTests/NotificationCenterTests-Info.plist";
				PRODUCT_NAME = "$(TARGET_NAME)";
				TEST_HOST = "$(BUNDLE_LOADER)";
				WRAPPER_EXTENSION = xctest;
			};
			name = Debug;
		};
		65093F60188191BE00734D65 /* Release */ = {
			isa = XCBuildConfiguration;
			buildSettings = {
				ARCHS = "$(ARCHS_STANDARD_INCLUDING_64_BIT)";
				BUNDLE_LOADER = "$(BUILT_PRODUCTS_DIR)/NotificationCenter.app/NotificationCenter";
				FRAMEWORK_SEARCH_PATHS = (
					"$(SDKROOT)/Developer/Library/Frameworks",
					"$(inherited)",
					"$(DEVELOPER_FRAMEWORKS_DIR)",
				);
				GCC_PRECOMPILE_PREFIX_HEADER = YES;
				GCC_PREFIX_HEADER = "NotificationCenter/NotificationCenter-Prefix.pch";
				INFOPLIST_FILE = "NotificationCenterTests/NotificationCenterTests-Info.plist";
				PRODUCT_NAME = "$(TARGET_NAME)";
				TEST_HOST = "$(BUNDLE_LOADER)";
				WRAPPER_EXTENSION = xctest;
			};
			name = Release;
		};
/* End XCBuildConfiguration section */

/* Begin XCConfigurationList section */
		65093F2A188191BE00734D65 /* Build configuration list for PBXProject "NotificationCenter" */ = {
			isa = XCConfigurationList;
			buildConfigurations = (
				65093F59188191BE00734D65 /* Debug */,
				65093F5A188191BE00734D65 /* Release */,
			);
			defaultConfigurationIsVisible = 0;
			defaultConfigurationName = Release;
		};
		65093F5B188191BE00734D65 /* Build configuration list for PBXNativeTarget "NotificationCenter" */ = {
			isa = XCConfigurationList;
			buildConfigurations = (
				65093F5C188191BE00734D65 /* Debug */,
				65093F5D188191BE00734D65 /* Release */,
			);
			defaultConfigurationIsVisible = 0;
		};
		65093F5E188191BE00734D65 /* Build configuration list for PBXNativeTarget "NotificationCenterTests" */ = {
			isa = XCConfigurationList;
			buildConfigurations = (
				65093F5F188191BE00734D65 /* Debug */,
				65093F60188191BE00734D65 /* Release */,
			);
			defaultConfigurationIsVisible = 0;
		};
/* End XCConfigurationList section */
	};
	rootObject = 65093F27188191BE00734D65 /* Project object */;
}
